
Microsoft Visual Studio Solution File, Format Version 12.00
# Visual Studio Version 17
VisualStudioVersion = 17.8.34525.116
MinimumVisualStudioVersion = 10.0.40219.1
Project("{FAE04EC0-301F-11D3-BF4B-00C04F79EFBC}") = "Electricity.Api", "Electricity.Api\Electricity.Api.csproj", "{D94D5105-44E1-4DE4-A923-C4F62A11C8DE}"
EndProject
Project("{2150E333-8FDC-42A3-9474-1A3956D46DE8}") = "src", "src", "{8DA46DFF-ECFE-466A-BFE9-5F6DD0EFF51D}"
EndProject
Project("{2150E333-8FDC-42A3-9474-1A3956D46DE8}") = "test", "test", "{3A3F1147-7E8C-4904-9957-1542C657AB18}"
EndProject
Project("{FAE04EC0-301F-11D3-BF4B-00C04F79EFBC}") = "Electricity.Application", "Electricity.Application\Electricity.Application.csproj", "{DE054A22-9E3E-4F35-BE6E-A3391C4D89BF}"
EndProject
Project("{FAE04EC0-301F-11D3-BF4B-00C04F79EFBC}") = "Electricity.Core", "Electricity.Core\Electricity.Core.csproj", "{231038C0-3786-4C39-B650-8B84003DC93E}"
EndProject
Project("{FAE04EC0-301F-11D3-BF4B-00C04F79EFBC}") = "Electricity.Infrastructure", "Electricity.Infrastructure\Electricity.Infrastructure.csproj", "{D1B5FCA7-482C-4FC1-AF05-D795FF65A386}"
EndProject
Project("{FAE04EC0-301F-11D3-BF4B-00C04F79EFBC}") = "Electricity.Persistence", "Electricity.Persistence\Electricity.Persistence.csproj", "{D026B61F-B2EB-4A38-9FFB-F5B00F8DB673}"
EndProject
Global
	GlobalSection(SolutionConfigurationPlatforms) = preSolution
		Debug|Any CPU = Debug|Any CPU
		Release|Any CPU = Release|Any CPU
	EndGlobalSection
	GlobalSection(ProjectConfigurationPlatforms) = postSolution
		{D94D5105-44E1-4DE4-A923-C4F62A11C8DE}.Debug|Any CPU.ActiveCfg = Debug|Any CPU
		{D94D5105-44E1-4DE4-A923-C4F62A11C8DE}.Debug|Any CPU.Build.0 = Debug|Any CPU
		{D94D5105-44E1-4DE4-A923-C4F62A11C8DE}.Release|Any CPU.ActiveCfg = Release|Any CPU
		{D94D5105-44E1-4DE4-A923-C4F62A11C8DE}.Release|Any CPU.Build.0 = Release|Any CPU
		{DE054A22-9E3E-4F35-BE6E-A3391C4D89BF}.Debug|Any CPU.ActiveCfg = Debug|Any CPU
		{DE054A22-9E3E-4F35-BE6E-A3391C4D89BF}.Debug|Any CPU.Build.0 = Debug|Any CPU
		{DE054A22-9E3E-4F35-BE6E-A3391C4D89BF}.Release|Any CPU.ActiveCfg = Release|Any CPU
		{DE054A22-9E3E-4F35-BE6E-A3391C4D89BF}.Release|Any CPU.Build.0 = Release|Any CPU
		{231038C0-3786-4C39-B650-8B84003DC93E}.Debug|Any CPU.ActiveCfg = Debug|Any CPU
		{231038C0-3786-4C39-B650-8B84003DC93E}.Debug|Any CPU.Build.0 = Debug|Any CPU
		{231038C0-3786-4C39-B650-8B84003DC93E}.Release|Any CPU.ActiveCfg = Release|Any CPU
		{231038C0-3786-4C39-B650-8B84003DC93E}.Release|Any CPU.Build.0 = Release|Any CPU
		{D1B5FCA7-482C-4FC1-AF05-D795FF65A386}.Debug|Any CPU.ActiveCfg = Debug|Any CPU
		{D1B5FCA7-482C-4FC1-AF05-D795FF65A386}.Debug|Any CPU.Build.0 = Debug|Any CPU
		{D1B5FCA7-482C-4FC1-AF05-D795FF65A386}.Release|Any CPU.ActiveCfg = Release|Any CPU
		{D1B5FCA7-482C-4FC1-AF05-D795FF65A386}.Release|Any CPU.Build.0 = Release|Any CPU
		{D026B61F-B2EB-4A38-9FFB-F5B00F8DB673}.Debug|Any CPU.ActiveCfg = Debug|Any CPU
		{D026B61F-B2EB-4A38-9FFB-F5B00F8DB673}.Debug|Any CPU.Build.0 = Debug|Any CPU
		{D026B61F-B2EB-4A38-9FFB-F5B00F8DB673}.Release|Any CPU.ActiveCfg = Release|Any CPU
		{D026B61F-B2EB-4A38-9FFB-F5B00F8DB673}.Release|Any CPU.Build.0 = Release|Any CPU
	EndGlobalSection
	GlobalSection(SolutionProperties) = preSolution
		HideSolutionNode = FALSE
	EndGlobalSection
	GlobalSection(NestedProjects) = preSolution
		{D94D5105-44E1-4DE4-A923-C4F62A11C8DE} = {8DA46DFF-ECFE-466A-BFE9-5F6DD0EFF51D}
		{DE054A22-9E3E-4F35-BE6E-A3391C4D89BF} = {8DA46DFF-ECFE-466A-BFE9-5F6DD0EFF51D}
		{231038C0-3786-4C39-B650-8B84003DC93E} = {8DA46DFF-ECFE-466A-BFE9-5F6DD0EFF51D}
		{D1B5FCA7-482C-4FC1-AF05-D795FF65A386} = {8DA46DFF-ECFE-466A-BFE9-5F6DD0EFF51D}
		{D026B61F-B2EB-4A38-9FFB-F5B00F8DB673} = {8DA46DFF-ECFE-466A-BFE9-5F6DD0EFF51D}
	EndGlobalSection
	GlobalSection(ExtensibilityGlobals) = postSolution
		SolutionGuid = {AD1FF990-B923-414E-AB75-18B253DBD950}
	EndGlobalSection
EndGlobal
